
Microsoft Visual Studio Solution File, Format Version 12.00
# Visual Studio Version 17
VisualStudioVersion = 17.9.34728.123
MinimumVisualStudioVersion = 10.0.40219.1
Project("{9A19103F-16F7-4668-BE54-9A1E7A4F7556}") = "IncomeTaxCalculator", "IncomeTaxCalculator\IncomeTaxCalculator.csproj", "{FFE3B690-B0B1-450B-BA28-5CACDB27F415}"
EndProject
Project("{9A19103F-16F7-4668-BE54-9A1E7A4F7556}") = "IncomeTaxCalculator.Tests", "IncomeTaxCalculator.Tests\IncomeTaxCalculator.Tests.csproj", "{48BD01DC-FD8B-4164-803F-AB9F1AD8ABEF}"
EndProject
Project("{FAE04EC0-301F-11D3-BF4B-00C04F79EFBC}") = "Persistence", "Persistence\Persistence.csproj", "{FA86A32D-27E2-47A3-86A8-7DC1FB1B5CDA}"
EndProject
Global
	GlobalSection(SolutionConfigurationPlatforms) = preSolution
		Debug|Any CPU = Debug|Any CPU
		Release|Any CPU = Release|Any CPU
	EndGlobalSection
	GlobalSection(ProjectConfigurationPlatforms) = postSolution
		{FFE3B690-B0B1-450B-BA28-5CACDB27F415}.Debug|Any CPU.ActiveCfg = Debug|Any CPU
		{FFE3B690-B0B1-450B-BA28-5CACDB27F415}.Debug|Any CPU.Build.0 = Debug|Any CPU
		{FFE3B690-B0B1-450B-BA28-5CACDB27F415}.Release|Any CPU.ActiveCfg = Release|Any CPU
		{FFE3B690-B0B1-450B-BA28-5CACDB27F415}.Release|Any CPU.Build.0 = Release|Any CPU
		{48BD01DC-FD8B-4164-803F-AB9F1AD8ABEF}.Debug|Any CPU.ActiveCfg = Debug|Any CPU
		{48BD01DC-FD8B-4164-803F-AB9F1AD8ABEF}.Debug|Any CPU.Build.0 = Debug|Any CPU
		{48BD01DC-FD8B-4164-803F-AB9F1AD8ABEF}.Release|Any CPU.ActiveCfg = Release|Any CPU
		{48BD01DC-FD8B-4164-803F-AB9F1AD8ABEF}.Release|Any CPU.Build.0 = Release|Any CPU
		{FA86A32D-27E2-47A3-86A8-7DC1FB1B5CDA}.Debug|Any CPU.ActiveCfg = Debug|Any CPU
		{FA86A32D-27E2-47A3-86A8-7DC1FB1B5CDA}.Debug|Any CPU.Build.0 = Debug|Any CPU
		{FA86A32D-27E2-47A3-86A8-7DC1FB1B5CDA}.Release|Any CPU.ActiveCfg = Release|Any CPU
		{FA86A32D-27E2-47A3-86A8-7DC1FB1B5CDA}.Release|Any CPU.Build.0 = Release|Any CPU
	EndGlobalSection
	GlobalSection(SolutionProperties) = preSolution
		HideSolutionNode = FALSE
	EndGlobalSection
	GlobalSection(ExtensibilityGlobals) = postSolution
		SolutionGuid = {8EEFCC33-6E54-44AF-98EB-ED9DDBD74355}
	EndGlobalSection
EndGlobal
